{
  "name": "@bobril/mdx",
  "version": "0.4.0",
  "lockfileVersion": 2,
  "requires": true,
  "packages": {
    "": {
      "version": "0.4.0",
      "license": "MIT",
      "dependencies": {
        "@bobril/highlighter": "*",
        "bobril": "*"
      }
    },
    "node_modules/@bobril/highlighter": {
      "version": "0.3.0",
      "resolved": "https://registry.npmjs.org/@bobril/highlighter/-/highlighter-0.3.0.tgz",
      "integrity": "sha512-cCumdzMcO1DjWsD5WdLVlhCcyzdkOs0mHyu/1dBYUQ+XoET0o7QRZHtvTVyvm1fdO1xHnXG32j5gQghboSn/Jw==",
      "dependencies": {
        "bobril": "*",
        "highlight.js": "~11.0.0-alpha1"
      }
    },
    "node_modules/bobril": {
      "version": "17.2.0",
      "resolved": "https://registry.npmjs.org/bobril/-/bobril-17.2.0.tgz",
      "integrity": "sha512-jHNpEAWNROeqMBQVqDG+vfHbdxHuTBF0QfhtbYUWAoa2JUjg71NAHzveDXfYld0+V9jM0L7h7S/xEEf5EuazVw=="
    },
    "node_modules/highlight.js": {
      "version": "11.0.0-beta0",
      "resolved": "https://registry.npmjs.org/highlight.js/-/highlight.js-11.0.0-beta0.tgz",
      "integrity": "sha512-HCUbQcW6V5DX9AS910t17OjvI2fPaXpyZ90iF9ySB9rI5ZWJmd76flbhB4ORttDaf1jpg5UvSZll32MpZ/2c3w==",
      "engines": {
        "node": ">=12.0.0"
      }
    }
  },
  "dependencies": {
    "@bobril/highlighter": {
      "version": "0.3.0",
      "resolved": "https://registry.npmjs.org/@bobril/highlighter/-/highlighter-0.3.0.tgz",
      "integrity": "sha512-cCumdzMcO1DjWsD5WdLVlhCcyzdkOs0mHyu/1dBYUQ+XoET0o7QRZHtvTVyvm1fdO1xHnXG32j5gQghboSn/Jw==",
      "requires": {
        "bobril": "*",
        "highlight.js": "~11.0.0-alpha1"
      }
    },
    "bobril": {
      "version": "17.2.0",
      "resolved": "https://registry.npmjs.org/bobril/-/bobril-17.2.0.tgz",
      "integrity": "sha512-jHNpEAWNROeqMBQVqDG+vfHbdxHuTBF0QfhtbYUWAoa2JUjg71NAHzveDXfYld0+V9jM0L7h7S/xEEf5EuazVw=="
    },
    "highlight.js": {
      "version": "11.0.0-beta0",
      "resolved": "https://registry.npmjs.org/highlight.js/-/highlight.js-11.0.0-beta0.tgz",
      "integrity": "sha512-HCUbQcW6V5DX9AS910t17OjvI2fPaXpyZ90iF9ySB9rI5ZWJmd76flbhB4ORttDaf1jpg5UvSZll32MpZ/2c3w=="
    }
  }
}
