{
    "name": "@bobril/mdx",
    "version": "1.0.1",
    "lockfileVersion": 3,
    "requires": true,
    "packages": {
        "": {
            "name": "@bobril/mdx",
            "version": "1.0.1",
            "license": "MIT",
            "dependencies": {
                "@bobril/highlighter": "*",
                "bobril": "*"
            }
        },
        "node_modules/@bobril/highlighter": {
            "version": "1.1.1",
            "resolved": "https://registry.npmjs.org/@bobril/highlighter/-/highlighter-1.1.1.tgz",
            "integrity": "sha512-iW5swGyz8XBVZdjb4Qe1EyPH+6b6YHgaZ32m6bF78csByYvGBn58URap4LdaZahJTPZukdhU9kMbNK9uFzgHgA==",
            "license": "MIT",
            "dependencies": {
                "bobril": "*",
                "highlight.js": "~11.9.0"
            }
        },
        "node_modules/bobril": {
            "version": "20.9.1",
            "resolved": "https://registry.npmjs.org/bobril/-/bobril-20.9.1.tgz",
            "integrity": "sha512-ScKDM3BNiyYaWD3j1UINjpRNpPk2HMxLDZ3fTC7NqVQXoaTf2YmLB3MSG4Bt+Ob+4yXGhiS9hq0SpLYFSAIa9A==",
            "license": "MIT"
        },
        "node_modules/highlight.js": {
            "version": "11.9.0",
            "resolved": "https://registry.npmjs.org/highlight.js/-/highlight.js-11.9.0.tgz",
            "integrity": "sha512-fJ7cW7fQGCYAkgv4CPfwFHrfd/cLS4Hau96JuJ+ZTOWhjnhoeN1ub1tFmALm/+lW5z4WCAuAV9bm05AP0mS6Gw==",
            "license": "BSD-3-Clause",
            "engines": {
                "node": ">=12.0.0"
            }
        }
    }
}
