{
  "name": "@bobril/mdx",
  "version": "0.1.0",
  "lockfileVersion": 2,
  "requires": true,
  "packages": {
    "": {
      "version": "0.1.0",
      "license": "MIT",
      "dependencies": {
        "bobril": "*"
      }
    },
    "node_modules/bobril": {
      "version": "17.0.0",
      "license": "MIT"
    }
  },
  "dependencies": {
    "bobril": {
      "version": "17.0.0"
    }
  }
}
